
Microsoft Visual Studio Solution File, Format Version 12.00
# Visual Studio Version 17
VisualStudioVersion = 17.10.35013.160
MinimumVisualStudioVersion = 10.0.40219.1
Project("{FAE04EC0-301F-11D3-BF4B-00C04F79EFBC}") = "STC_POS", "WindowsFormsApp1\STC_POS.csproj", "{9620EB3E-3A1E-4B5C-B527-DF6A4DC9998B}"
EndProject
Global
	GlobalSection(SolutionConfigurationPlatforms) = preSolution
		Debug|Any CPU = Debug|Any CPU
		Release|Any CPU = Release|Any CPU
	EndGlobalSection
	GlobalSection(ProjectConfigurationPlatforms) = postSolution
		{9620EB3E-3A1E-4B5C-B527-DF6A4DC9998B}.Debug|Any CPU.ActiveCfg = Debug|Any CPU
		{9620EB3E-3A1E-4B5C-B527-DF6A4DC9998B}.Debug|Any CPU.Build.0 = Debug|Any CPU
		{9620EB3E-3A1E-4B5C-B527-DF6A4DC9998B}.Release|Any CPU.ActiveCfg = Release|Any CPU
		{9620EB3E-3A1E-4B5C-B527-DF6A4DC9998B}.Release|Any CPU.Build.0 = Release|Any CPU
	EndGlobalSection
	GlobalSection(SolutionProperties) = preSolution
		HideSolutionNode = FALSE
	EndGlobalSection
	GlobalSection(ExtensibilityGlobals) = postSolution
		SolutionGuid = {4EDA4D00-7294-4B50-8B26-AC27C94AF02E}
	EndGlobalSection
EndGlobal
